
Microsoft Visual Studio Solution File, Format Version 12.00
# Visual Studio Version 17
VisualStudioVersion = 17.12.35506.116 d17.12
MinimumVisualStudioVersion = 10.0.40219.1
Project("{FAE04EC0-301F-11D3-BF4B-00C04F79EFBC}") = "arrayTask7", "arrayTask7\arrayTask7.csproj", "{FE9909A6-E947-4D79-8B50-743CBCD901AA}"
EndProject
Global
	GlobalSection(SolutionConfigurationPlatforms) = preSolution
		Debug|Any CPU = Debug|Any CPU
		Release|Any CPU = Release|Any CPU
	EndGlobalSection
	GlobalSection(ProjectConfigurationPlatforms) = postSolution
		{FE9909A6-E947-4D79-8B50-743CBCD901AA}.Debug|Any CPU.ActiveCfg = Debug|Any CPU
		{FE9909A6-E947-4D79-8B50-743CBCD901AA}.Debug|Any CPU.Build.0 = Debug|Any CPU
		{FE9909A6-E947-4D79-8B50-743CBCD901AA}.Release|Any CPU.ActiveCfg = Release|Any CPU
		{FE9909A6-E947-4D79-8B50-743CBCD901AA}.Release|Any CPU.Build.0 = Release|Any CPU
	EndGlobalSection
	GlobalSection(SolutionProperties) = preSolution
		HideSolutionNode = FALSE
	EndGlobalSection
EndGlobal
