
Microsoft Visual Studio Solution File, Format Version 12.00
# Visual Studio Version 17
VisualStudioVersion = 17.12.35506.116 d17.12
MinimumVisualStudioVersion = 10.0.40219.1
Project("{FAE04EC0-301F-11D3-BF4B-00C04F79EFBC}") = "arrayTask12", "arrayTask12\arrayTask12.csproj", "{BDEB295B-C697-4009-9B62-CB43BA7DC16A}"
EndProject
Global
	GlobalSection(SolutionConfigurationPlatforms) = preSolution
		Debug|Any CPU = Debug|Any CPU
		Release|Any CPU = Release|Any CPU
	EndGlobalSection
	GlobalSection(ProjectConfigurationPlatforms) = postSolution
		{BDEB295B-C697-4009-9B62-CB43BA7DC16A}.Debug|Any CPU.ActiveCfg = Debug|Any CPU
		{BDEB295B-C697-4009-9B62-CB43BA7DC16A}.Debug|Any CPU.Build.0 = Debug|Any CPU
		{BDEB295B-C697-4009-9B62-CB43BA7DC16A}.Release|Any CPU.ActiveCfg = Release|Any CPU
		{BDEB295B-C697-4009-9B62-CB43BA7DC16A}.Release|Any CPU.Build.0 = Release|Any CPU
	EndGlobalSection
	GlobalSection(SolutionProperties) = preSolution
		HideSolutionNode = FALSE
	EndGlobalSection
EndGlobal
